
Microsoft Visual Studio Solution File, Format Version 12.00
# Visual Studio Version 16
VisualStudioVersion = 16.0.29306.81
MinimumVisualStudioVersion = 10.0.40219.1
Project("{FAE04EC0-301F-11D3-BF4B-00C04F79EFBC}") = "DAPP", "Spells\DAPP.csproj", "{8BBDBBF4-0D7E-4556-8706-06F404E4BDD7}"
EndProject
Project("{FAE04EC0-301F-11D3-BF4B-00C04F79EFBC}") = "DB", "DB\DB.csproj", "{A8B6B7A9-FC75-46B5-821D-2DDD9FC56449}"
EndProject
Global
	GlobalSection(SolutionConfigurationPlatforms) = preSolution
		Debug|Any CPU = Debug|Any CPU
		Release|Any CPU = Release|Any CPU
	EndGlobalSection
	GlobalSection(ProjectConfigurationPlatforms) = postSolution
		{8BBDBBF4-0D7E-4556-8706-06F404E4BDD7}.Debug|Any CPU.ActiveCfg = Debug|Any CPU
		{8BBDBBF4-0D7E-4556-8706-06F404E4BDD7}.Debug|Any CPU.Build.0 = Debug|Any CPU
		{8BBDBBF4-0D7E-4556-8706-06F404E4BDD7}.Release|Any CPU.ActiveCfg = Release|Any CPU
		{8BBDBBF4-0D7E-4556-8706-06F404E4BDD7}.Release|Any CPU.Build.0 = Release|Any CPU
		{A8B6B7A9-FC75-46B5-821D-2DDD9FC56449}.Debug|Any CPU.ActiveCfg = Debug|Any CPU
		{A8B6B7A9-FC75-46B5-821D-2DDD9FC56449}.Debug|Any CPU.Build.0 = Debug|Any CPU
		{A8B6B7A9-FC75-46B5-821D-2DDD9FC56449}.Release|Any CPU.ActiveCfg = Release|Any CPU
		{A8B6B7A9-FC75-46B5-821D-2DDD9FC56449}.Release|Any CPU.Build.0 = Release|Any CPU
	EndGlobalSection
	GlobalSection(SolutionProperties) = preSolution
		HideSolutionNode = FALSE
	EndGlobalSection
	GlobalSection(ExtensibilityGlobals) = postSolution
		SolutionGuid = {83C2108C-C6DC-4EE5-BB07-29EDF15701A8}
	EndGlobalSection
EndGlobal
